
Microsoft Visual Studio Solution File, Format Version 12.00
# Visual Studio 15
VisualStudioVersion = 15.0.28010.2050
MinimumVisualStudioVersion = 10.0.40219.1
Project("{8BC9CEB8-8B4A-11D0-8D11-00A0C91BC942}") = "Sierpinski", "Sierpinski\Sierpinski.vcxproj", "{769130F8-934D-4577-A265-759AE3E5948E}"
EndProject
Global
	GlobalSection(SolutionConfigurationPlatforms) = preSolution
		Debug|x64 = Debug|x64
		Debug|x86 = Debug|x86
		Release|x64 = Release|x64
		Release|x86 = Release|x86
	EndGlobalSection
	GlobalSection(ProjectConfigurationPlatforms) = postSolution
		{769130F8-934D-4577-A265-759AE3E5948E}.Debug|x64.ActiveCfg = Debug|x64
		{769130F8-934D-4577-A265-759AE3E5948E}.Debug|x64.Build.0 = Debug|x64
		{769130F8-934D-4577-A265-759AE3E5948E}.Debug|x86.ActiveCfg = Debug|Win32
		{769130F8-934D-4577-A265-759AE3E5948E}.Debug|x86.Build.0 = Debug|Win32
		{769130F8-934D-4577-A265-759AE3E5948E}.Release|x64.ActiveCfg = Release|x64
		{769130F8-934D-4577-A265-759AE3E5948E}.Release|x64.Build.0 = Release|x64
		{769130F8-934D-4577-A265-759AE3E5948E}.Release|x86.ActiveCfg = Release|Win32
		{769130F8-934D-4577-A265-759AE3E5948E}.Release|x86.Build.0 = Release|Win32
	EndGlobalSection
	GlobalSection(SolutionProperties) = preSolution
		HideSolutionNode = FALSE
	EndGlobalSection
	GlobalSection(ExtensibilityGlobals) = postSolution
		SolutionGuid = {BFCFB163-F3C1-4BEA-8979-A0DA77DAB3DF}
	EndGlobalSection
EndGlobal
