
Microsoft Visual Studio Solution File, Format Version 12.00
# Visual Studio 15
VisualStudioVersion = 15.0.28010.2050
MinimumVisualStudioVersion = 10.0.40219.1
Project("{8BC9CEB8-8B4A-11D0-8D11-00A0C91BC942}") = "CyrusBeck", "CyrusBeck\CyrusBeck.vcxproj", "{CB0E0CA9-82E3-45E8-A744-B36A52585512}"
EndProject
Global
	GlobalSection(SolutionConfigurationPlatforms) = preSolution
		Debug|x64 = Debug|x64
		Debug|x86 = Debug|x86
		Release|x64 = Release|x64
		Release|x86 = Release|x86
	EndGlobalSection
	GlobalSection(ProjectConfigurationPlatforms) = postSolution
		{CB0E0CA9-82E3-45E8-A744-B36A52585512}.Debug|x64.ActiveCfg = Debug|x64
		{CB0E0CA9-82E3-45E8-A744-B36A52585512}.Debug|x64.Build.0 = Debug|x64
		{CB0E0CA9-82E3-45E8-A744-B36A52585512}.Debug|x86.ActiveCfg = Debug|Win32
		{CB0E0CA9-82E3-45E8-A744-B36A52585512}.Debug|x86.Build.0 = Debug|Win32
		{CB0E0CA9-82E3-45E8-A744-B36A52585512}.Release|x64.ActiveCfg = Release|x64
		{CB0E0CA9-82E3-45E8-A744-B36A52585512}.Release|x64.Build.0 = Release|x64
		{CB0E0CA9-82E3-45E8-A744-B36A52585512}.Release|x86.ActiveCfg = Release|Win32
		{CB0E0CA9-82E3-45E8-A744-B36A52585512}.Release|x86.Build.0 = Release|Win32
	EndGlobalSection
	GlobalSection(SolutionProperties) = preSolution
		HideSolutionNode = FALSE
	EndGlobalSection
	GlobalSection(ExtensibilityGlobals) = postSolution
		SolutionGuid = {D252E86C-FC3E-45E8-AF68-2B599EF76150}
	EndGlobalSection
EndGlobal
