
Microsoft Visual Studio Solution File, Format Version 12.00
# Visual Studio 15
VisualStudioVersion = 15.0.28010.2050
MinimumVisualStudioVersion = 10.0.40219.1
Project("{8BC9CEB8-8B4A-11D0-8D11-00A0C91BC942}") = "Project1", "Project1\Project1.vcxproj", "{0FF03039-C857-4798-8298-91A3897C12EB}"
EndProject
Global
	GlobalSection(SolutionConfigurationPlatforms) = preSolution
		Debug|x64 = Debug|x64
		Debug|x86 = Debug|x86
		Release|x64 = Release|x64
		Release|x86 = Release|x86
	EndGlobalSection
	GlobalSection(ProjectConfigurationPlatforms) = postSolution
		{0FF03039-C857-4798-8298-91A3897C12EB}.Debug|x64.ActiveCfg = Debug|x64
		{0FF03039-C857-4798-8298-91A3897C12EB}.Debug|x64.Build.0 = Debug|x64
		{0FF03039-C857-4798-8298-91A3897C12EB}.Debug|x86.ActiveCfg = Debug|Win32
		{0FF03039-C857-4798-8298-91A3897C12EB}.Debug|x86.Build.0 = Debug|Win32
		{0FF03039-C857-4798-8298-91A3897C12EB}.Release|x64.ActiveCfg = Release|x64
		{0FF03039-C857-4798-8298-91A3897C12EB}.Release|x64.Build.0 = Release|x64
		{0FF03039-C857-4798-8298-91A3897C12EB}.Release|x86.ActiveCfg = Release|Win32
		{0FF03039-C857-4798-8298-91A3897C12EB}.Release|x86.Build.0 = Release|Win32
	EndGlobalSection
	GlobalSection(SolutionProperties) = preSolution
		HideSolutionNode = FALSE
	EndGlobalSection
	GlobalSection(ExtensibilityGlobals) = postSolution
		SolutionGuid = {7D8F2EC6-16F9-4293-B3AD-DDC93C09C37F}
	EndGlobalSection
EndGlobal
