
Microsoft Visual Studio Solution File, Format Version 12.00
# Visual Studio 15
VisualStudioVersion = 15.0.27703.2042
MinimumVisualStudioVersion = 10.0.40219.1
Project("{8BC9CEB8-8B4A-11D0-8D11-00A0C91BC942}") = "lab2", "lab2\lab2.vcxproj", "{5EBA854B-CC65-4904-9BBC-C5E05B7818FE}"
EndProject
Global
	GlobalSection(SolutionConfigurationPlatforms) = preSolution
		Debug|x64 = Debug|x64
		Debug|x86 = Debug|x86
		Release|x64 = Release|x64
		Release|x86 = Release|x86
	EndGlobalSection
	GlobalSection(ProjectConfigurationPlatforms) = postSolution
		{5EBA854B-CC65-4904-9BBC-C5E05B7818FE}.Debug|x64.ActiveCfg = Debug|x64
		{5EBA854B-CC65-4904-9BBC-C5E05B7818FE}.Debug|x64.Build.0 = Debug|x64
		{5EBA854B-CC65-4904-9BBC-C5E05B7818FE}.Debug|x86.ActiveCfg = Debug|Win32
		{5EBA854B-CC65-4904-9BBC-C5E05B7818FE}.Debug|x86.Build.0 = Debug|Win32
		{5EBA854B-CC65-4904-9BBC-C5E05B7818FE}.Release|x64.ActiveCfg = Release|x64
		{5EBA854B-CC65-4904-9BBC-C5E05B7818FE}.Release|x64.Build.0 = Release|x64
		{5EBA854B-CC65-4904-9BBC-C5E05B7818FE}.Release|x86.ActiveCfg = Release|Win32
		{5EBA854B-CC65-4904-9BBC-C5E05B7818FE}.Release|x86.Build.0 = Release|Win32
	EndGlobalSection
	GlobalSection(SolutionProperties) = preSolution
		HideSolutionNode = FALSE
	EndGlobalSection
	GlobalSection(ExtensibilityGlobals) = postSolution
		SolutionGuid = {250444E8-6EE4-4380-A739-0E7344B7D453}
	EndGlobalSection
EndGlobal
