
Microsoft Visual Studio Solution File, Format Version 12.00
# Visual Studio 15
VisualStudioVersion = 15.0.28010.2046
MinimumVisualStudioVersion = 10.0.40219.1
Project("{8BC9CEB8-8B4A-11D0-8D11-00A0C91BC942}") = "Book", "Book\Book.vcxproj", "{5983DF80-0429-4A00-9EE0-0F9B1684E29B}"
EndProject
Global
	GlobalSection(SolutionConfigurationPlatforms) = preSolution
		Debug|x64 = Debug|x64
		Debug|x86 = Debug|x86
		Release|x64 = Release|x64
		Release|x86 = Release|x86
	EndGlobalSection
	GlobalSection(ProjectConfigurationPlatforms) = postSolution
		{5983DF80-0429-4A00-9EE0-0F9B1684E29B}.Debug|x64.ActiveCfg = Debug|x64
		{5983DF80-0429-4A00-9EE0-0F9B1684E29B}.Debug|x64.Build.0 = Debug|x64
		{5983DF80-0429-4A00-9EE0-0F9B1684E29B}.Debug|x86.ActiveCfg = Debug|Win32
		{5983DF80-0429-4A00-9EE0-0F9B1684E29B}.Debug|x86.Build.0 = Debug|Win32
		{5983DF80-0429-4A00-9EE0-0F9B1684E29B}.Release|x64.ActiveCfg = Release|x64
		{5983DF80-0429-4A00-9EE0-0F9B1684E29B}.Release|x64.Build.0 = Release|x64
		{5983DF80-0429-4A00-9EE0-0F9B1684E29B}.Release|x86.ActiveCfg = Release|Win32
		{5983DF80-0429-4A00-9EE0-0F9B1684E29B}.Release|x86.Build.0 = Release|Win32
	EndGlobalSection
	GlobalSection(SolutionProperties) = preSolution
		HideSolutionNode = FALSE
	EndGlobalSection
	GlobalSection(ExtensibilityGlobals) = postSolution
		SolutionGuid = {9528C6B6-AC94-4554-B29B-28A9FE234347}
	EndGlobalSection
EndGlobal
